# This file is automatically @generated by Poetry 1.7.1 and should not be changed by hand.

[[package]]
name = "astroid"
version = "3.0.2"
description = "An abstract syntax tree for Python with inference support."
optional = false
python-versions = ">=3.8.0"
files = [
    {file = "astroid-3.0.2-py3-none-any.whl", hash = "sha256:d6e62862355f60e716164082d6b4b041d38e2a8cf1c7cd953ded5108bac8ff5c"},
    {file = "astroid-3.0.2.tar.gz", hash = "sha256:4a61cf0a59097c7bb52689b0fd63717cd2a8a14dc9f1eee97b82d814881c8c91"},
]

[package.dependencies]
typing-extensions = {version = ">=4.0.0", markers = "python_version < \"3.11\""}

[[package]]
name = "colorama"
version = "0.4.6"
description = "Cross-platform colored terminal text."
optional = false
python-versions = "!=3.0.*,!=3.1.*,!=3.2.*,!=3.3.*,!=3.4.*,!=3.5.*,!=3.6.*,>=2.7"
files = [
    {file = "colorama-0.4.6-py2.py3-none-any.whl", hash = "sha256:4f1d9991f5acc0ca119f9d443620b77f9d6b33703e51011c16baf57afb285fc6"},
    {file = "colorama-0.4.6.tar.gz", hash = "sha256:08695f5cb7ed6e0531a20572697297273c47b8cae5a63ffc6d6ed5c201be6e44"},
]

[[package]]
name = "dill"
version = "0.3.7"
description = "serialize all of Python"
optional = false
python-versions = ">=3.7"
files = [
    {file = "dill-0.3.7-py3-none-any.whl", hash = "sha256:76b122c08ef4ce2eedcd4d1abd8e641114bfc6c2867f49f3c41facf65bf19f5e"},
    {file = "dill-0.3.7.tar.gz", hash = "sha256:cc1c8b182eb3013e24bd475ff2e9295af86c1a38eb1aff128dac8962a9ce3c03"},
]

[package.extras]
graph = ["objgraph (>=1.7.2)"]

[[package]]
name = "isort"
version = "5.13.2"
description = "A Python utility / library to sort Python imports."
optional = false
python-versions = ">=3.8.0"
files = [
    {file = "isort-5.13.2-py3-none-any.whl", hash = "sha256:8ca5e72a8d85860d5a3fa69b8745237f2939afe12dbf656afbcb47fe72d947a6"},
    {file = "isort-5.13.2.tar.gz", hash = "sha256:48fdfcb9face5d58a4f6dde2e72a1fb8dcaf8ab26f95ab49fab84c2ddefb0109"},
]

[package.extras]
colors = ["colorama (>=0.4.6)"]

[[package]]
name = "mccabe"
version = "0.7.0"
description = "McCabe checker, plugin for flake8"
optional = false
python-versions = ">=3.6"
files = [
    {file = "mccabe-0.7.0-py2.py3-none-any.whl", hash = "sha256:6c2d30ab6be0e4a46919781807b4f0d834ebdd6c6e3dca0bda5a15f863427b6e"},
    {file = "mccabe-0.7.0.tar.gz", hash = "sha256:348e0240c33b60bbdf4e523192ef919f28cb2c3d7d5c7794f74009290f236325"},
]

[[package]]
name = "opencc"
version = "1.1.7"
description = "Conversion between Traditional and Simplified Chinese"
optional = false
python-versions = "*"
files = [
    {file = "OpenCC-1.1.7-cp310-cp310-macosx_10_9_x86_64.whl", hash = "sha256:ba77d5eb376129adcad090a07b0edbee293f26513f14a135a9cb17af004defd1"},
    {file = "OpenCC-1.1.7-cp310-cp310-manylinux1_x86_64.whl", hash = "sha256:fc4fb3ec08dcbdb430cbd70d14f9457f2b2ef2d51b08bf079b9cee0c6def3eed"},
    {file = "OpenCC-1.1.7-cp310-cp310-win_amd64.whl", hash = "sha256:8fa764bbb93ff97f50d1f70ca2542c9108adb763845d690e256664a61c98f914"},
    {file = "OpenCC-1.1.7-cp311-cp311-macosx_10_9_x86_64.whl", hash = "sha256:8aa4b1203bf78ced40ae4da7206089ccd459f823a1b05f311b653eb08dce7d0d"},
    {file = "OpenCC-1.1.7-cp311-cp311-manylinux1_x86_64.whl", hash = "sha256:3ed6f128383375b9dc5c3db02ffa9d6ac1a14242656414bab85a18ef65daf645"},
    {file = "OpenCC-1.1.7-cp311-cp311-win_amd64.whl", hash = "sha256:d2d4705b3f599903784b4d4be6a557c591aeeb93d2b99b8f19d3e13dee4fab10"},
    {file = "OpenCC-1.1.7-cp312-cp312-macosx_10_9_x86_64.whl", hash = "sha256:253e7d636ad0aad2e70e616d2185181e0104687f53ec38974f7b67221c475382"},
    {file = "OpenCC-1.1.7-cp312-cp312-manylinux1_x86_64.whl", hash = "sha256:dc5d6443b833e1a45bcad4d4312c680d9d574a365491357165d927a3eecac5f0"},
    {file = "OpenCC-1.1.7-cp312-cp312-win_amd64.whl", hash = "sha256:7f3f843f0b47afa0bff91ea5b9fbf9968f19ffbaffda9508615993058246ca3c"},
    {file = "OpenCC-1.1.7-cp38-cp38-macosx_10_9_x86_64.whl", hash = "sha256:49c2eb39f636c948eaa21a84f4553da761a9cca5aa0dede8570729d572712531"},
    {file = "OpenCC-1.1.7-cp38-cp38-manylinux1_x86_64.whl", hash = "sha256:49bbf40042702a743ad5b65398fc3faf1582e41fc948cd9bbbabe7c3e5366cd6"},
    {file = "OpenCC-1.1.7-cp38-cp38-win_amd64.whl", hash = "sha256:06092f06e4b8a1f2563df03214c9f6fa457c9ff6d114f76bf9fb374cc2a4591f"},
    {file = "OpenCC-1.1.7-cp39-cp39-macosx_10_9_x86_64.whl", hash = "sha256:a16b7ed7d01b77b133a51e41903c5c83486de5be5483164c869ed34b9bbfdaf7"},
    {file = "OpenCC-1.1.7-cp39-cp39-manylinux1_x86_64.whl", hash = "sha256:b55ad5edf93a45e89519fa4aa80384d7021fd795fdf8c9315b6898fa2a0e202a"},
    {file = "OpenCC-1.1.7-cp39-cp39-win_amd64.whl", hash = "sha256:6455d2548e2211d28cfa68d25aceeb4ff06c6a396264dcefe5a2b885ffeaf783"},
]

[[package]]
name = "platformdirs"
version = "4.1.0"
description = "A small Python package for determining appropriate platform-specific dirs, e.g. a \"user data dir\"."
optional = false
python-versions = ">=3.8"
files = [
    {file = "platformdirs-4.1.0-py3-none-any.whl", hash = "sha256:11c8f37bcca40db96d8144522d925583bdb7a31f7b0e37e3ed4318400a8e2380"},
    {file = "platformdirs-4.1.0.tar.gz", hash = "sha256:906d548203468492d432bcb294d4bc2fff751bf84971fbb2c10918cc206ee420"},
]

[package.extras]
docs = ["furo (>=2023.7.26)", "proselint (>=0.13)", "sphinx (>=7.1.1)", "sphinx-autodoc-typehints (>=1.24)"]
test = ["appdirs (==1.4.4)", "covdefaults (>=2.3)", "pytest (>=7.4)", "pytest-cov (>=4.1)", "pytest-mock (>=3.11.1)"]

[[package]]
name = "pylint"
version = "3.0.3"
description = "python code static checker"
optional = false
python-versions = ">=3.8.0"
files = [
    {file = "pylint-3.0.3-py3-none-any.whl", hash = "sha256:7a1585285aefc5165db81083c3e06363a27448f6b467b3b0f30dbd0ac1f73810"},
    {file = "pylint-3.0.3.tar.gz", hash = "sha256:58c2398b0301e049609a8429789ec6edf3aabe9b6c5fec916acd18639c16de8b"},
]

[package.dependencies]
astroid = ">=3.0.1,<=3.1.0-dev0"
colorama = {version = ">=0.4.5", markers = "sys_platform == \"win32\""}
dill = [
    {version = ">=0.2", markers = "python_version < \"3.11\""},
    {version = ">=0.3.7", markers = "python_version >= \"3.12\""},
    {version = ">=0.3.6", markers = "python_version >= \"3.11\" and python_version < \"3.12\""},
]
isort = ">=4.2.5,<5.13.0 || >5.13.0,<6"
mccabe = ">=0.6,<0.8"
platformdirs = ">=2.2.0"
tomli = {version = ">=1.1.0", markers = "python_version < \"3.11\""}
tomlkit = ">=0.10.1"

[package.extras]
spelling = ["pyenchant (>=3.2,<4.0)"]
testutils = ["gitpython (>3)"]

[[package]]
name = "pypinyin"
version = "0.50.0"
description = "汉字拼音转换模块/工具."
optional = false
python-versions = ">=2.6, !=3.0.*, !=3.1.*, !=3.2.*, <4"
files = [
    {file = "pypinyin-0.50.0-py2.py3-none-any.whl", hash = "sha256:a6ff9a58b8c3ba4599e5ebccf7fab7850257114be70c05a7baab435d1208358f"},
    {file = "pypinyin-0.50.0.tar.gz", hash = "sha256:72e77c4b9b78bad102aca5fefccebdb23439b02717c626039be14a78643980fb"},
]

[[package]]
name = "tomli"
version = "2.0.1"
description = "A lil' TOML parser"
optional = false
python-versions = ">=3.7"
files = [
    {file = "tomli-2.0.1-py3-none-any.whl", hash = "sha256:939de3e7a6161af0c887ef91b7d41a53e7c5a1ca976325f429cb46ea9bc30ecc"},
    {file = "tomli-2.0.1.tar.gz", hash = "sha256:de526c12914f0c550d15924c62d72abc48d6fe7364aa87328337a31007fe8a4f"},
]

[[package]]
name = "tomlkit"
version = "0.12.3"
description = "Style preserving TOML library"
optional = false
python-versions = ">=3.7"
files = [
    {file = "tomlkit-0.12.3-py3-none-any.whl", hash = "sha256:b0a645a9156dc7cb5d3a1f0d4bab66db287fcb8e0430bdd4664a095ea16414ba"},
    {file = "tomlkit-0.12.3.tar.gz", hash = "sha256:75baf5012d06501f07bee5bf8e801b9f343e7aac5a92581f20f80ce632e6b5a4"},
]

[[package]]
name = "typing-extensions"
version = "4.9.0"
description = "Backported and Experimental Type Hints for Python 3.8+"
optional = false
python-versions = ">=3.8"
files = [
    {file = "typing_extensions-4.9.0-py3-none-any.whl", hash = "sha256:af72aea155e91adfc61c3ae9e0e342dbc0cba726d6cba4b6c72c1f34e47291cd"},
    {file = "typing_extensions-4.9.0.tar.gz", hash = "sha256:23478f88c37f27d76ac8aee6c905017a143b0b1b886c3c9f66bc2fd94f9f5783"},
]

[metadata]
lock-version = "2.0"
python-versions = "^3.10"
content-hash = "f4676d04b12e57980dd6ace6811e7e0d128077425f629ac434295426e7c9d25b"
